// !$*UTF8*$!
{
	archiveVersion = 1;
	classes = {
	};
	objectVersion = 50;
	objects = {

/* Begin PBXBuildFile section */
		2869209400729E198E4C5B4A /* Pods_ToucanUITests.framework in Frameworks */ = {isa = PBXBuildFile; fileRef = 80903EA130F55D69C89762E5 /* Pods_ToucanUITests.framework */; };
		BD7FF2F779E58C5F3F137942 /* Pods_ToucanTests.framework in Frameworks */ = {isa = PBXBuildFile; fileRef = 8629A805EAD1C5C15EA3EE1A /* Pods_ToucanTests.framework */; };
		C2D5D6A27975D4B18D890404 /* Pods_Toucan.framework in Frameworks */ = {isa = PBXBuildFile; fileRef = 0B0769CFC96EEBB73D09DB36 /* Pods_Toucan.framework */; };
		E455693021D011BF00ED676D /* AppDelegate.swift in Sources */ = {isa = PBXBuildFile; fileRef = E455692F21D011BF00ED676D /* AppDelegate.swift */; };
		E455693221D011BF00ED676D /* LoginViewController.swift in Sources */ = {isa = PBXBuildFile; fileRef = E455693121D011BF00ED676D /* LoginViewController.swift */; };
		E455693521D011BF00ED676D /* Main.storyboard in Resources */ = {isa = PBXBuildFile; fileRef = E455693321D011BF00ED676D /* Main.storyboard */; };
		E455693721D011C100ED676D /* Assets.xcassets in Resources */ = {isa = PBXBuildFile; fileRef = E455693621D011C100ED676D /* Assets.xcassets */; };
		E455693A21D011C100ED676D /* LaunchScreen.storyboard in Resources */ = {isa = PBXBuildFile; fileRef = E455693821D011C100ED676D /* LaunchScreen.storyboard */; };
		E455694521D011C100ED676D /* ToucanTests.swift in Sources */ = {isa = PBXBuildFile; fileRef = E455694421D011C100ED676D /* ToucanTests.swift */; };
		E455695021D011C100ED676D /* ToucanUITests.swift in Sources */ = {isa = PBXBuildFile; fileRef = E455694F21D011C100ED676D /* ToucanUITests.swift */; };
		E4A16DBE21D5A71600BD23D2 /* RootViewController.swift in Sources */ = {isa = PBXBuildFile; fileRef = E4A16DBD21D5A71600BD23D2 /* RootViewController.swift */; };
		E4C21AC021D17BE400213100 /* GoogleService-Info.plist in Resources */ = {isa = PBXBuildFile; fileRef = E4C21ABF21D17BE400213100 /* GoogleService-Info.plist */; };
		E4C21AC721D1BE2000213100 /* MusicAPI.swift in Sources */ = {isa = PBXBuildFile; fileRef = E4C21AC621D1BE2000213100 /* MusicAPI.swift */; };
		E4C21ACB21D28BFE00213100 /* url.swift in Sources */ = {isa = PBXBuildFile; fileRef = E4C21ACA21D28BFE00213100 /* url.swift */; };
		E4C21ADA21D3731400213100 /* ToucanAPI.swift in Sources */ = {isa = PBXBuildFile; fileRef = E4C21AD921D3731400213100 /* ToucanAPI.swift */; };
/* End PBXBuildFile section */

/* Begin PBXContainerItemProxy section */
		E455694121D011C100ED676D /* PBXContainerItemProxy */ = {
			isa = PBXContainerItemProxy;
			containerPortal = E455692421D011BF00ED676D /* Project object */;
			proxyType = 1;
			remoteGlobalIDString = E455692B21D011BF00ED676D;
			remoteInfo = Toucan;
		};
		E455694C21D011C100ED676D /* PBXContainerItemProxy */ = {
			isa = PBXContainerItemProxy;
			containerPortal = E455692421D011BF00ED676D /* Project object */;
			proxyType = 1;
			remoteGlobalIDString = E455692B21D011BF00ED676D;
			remoteInfo = Toucan;
		};
/* End PBXContainerItemProxy section */

/* Begin PBXFileReference section */
		0B0769CFC96EEBB73D09DB36 /* Pods_Toucan.framework */ = {isa = PBXFileReference; explicitFileType = wrapper.framework; includeInIndex = 0; path = Pods_Toucan.framework; sourceTree = BUILT_PRODUCTS_DIR; };
		2757BE028A2B8EB2747A9417 /* Pods-ToucanUITests.release.xcconfig */ = {isa = PBXFileReference; includeInIndex = 1; lastKnownFileType = text.xcconfig; name = "Pods-ToucanUITests.release.xcconfig"; path = "Pods/Target Support Files/Pods-ToucanUITests/Pods-ToucanUITests.release.xcconfig"; sourceTree = "<group>"; };
		3B20530799E6AFD004F52A8D /* Pods-ToucanTests.debug.xcconfig */ = {isa = PBXFileReference; includeInIndex = 1; lastKnownFileType = text.xcconfig; name = "Pods-ToucanTests.debug.xcconfig"; path = "Pods/Target Support Files/Pods-ToucanTests/Pods-ToucanTests.debug.xcconfig"; sourceTree = "<group>"; };
		43A2408EAC6E226CDC3F35C8 /* Pods-ToucanTests.release.xcconfig */ = {isa = PBXFileReference; includeInIndex = 1; lastKnownFileType = text.xcconfig; name = "Pods-ToucanTests.release.xcconfig"; path = "Pods/Target Support Files/Pods-ToucanTests/Pods-ToucanTests.release.xcconfig"; sourceTree = "<group>"; };
		476FA7DD43B2167DE3EC49C4 /* Pods-Toucan.debug.xcconfig */ = {isa = PBXFileReference; includeInIndex = 1; lastKnownFileType = text.xcconfig; name = "Pods-Toucan.debug.xcconfig"; path = "Pods/Target Support Files/Pods-Toucan/Pods-Toucan.debug.xcconfig"; sourceTree = "<group>"; };
		6E12FF27EF455BE3B6021084 /* Pods-ToucanUITests.debug.xcconfig */ = {isa = PBXFileReference; includeInIndex = 1; lastKnownFileType = text.xcconfig; name = "Pods-ToucanUITests.debug.xcconfig"; path = "Pods/Target Support Files/Pods-ToucanUITests/Pods-ToucanUITests.debug.xcconfig"; sourceTree = "<group>"; };
		80903EA130F55D69C89762E5 /* Pods_ToucanUITests.framework */ = {isa = PBXFileReference; explicitFileType = wrapper.framework; includeInIndex = 0; path = Pods_ToucanUITests.framework; sourceTree = BUILT_PRODUCTS_DIR; };
		8629A805EAD1C5C15EA3EE1A /* Pods_ToucanTests.framework */ = {isa = PBXFileReference; explicitFileType = wrapper.framework; includeInIndex = 0; path = Pods_ToucanTests.framework; sourceTree = BUILT_PRODUCTS_DIR; };
		DE10C4CFB39E8CB51B2B69DB /* Pods-Toucan.release.xcconfig */ = {isa = PBXFileReference; includeInIndex = 1; lastKnownFileType = text.xcconfig; name = "Pods-Toucan.release.xcconfig"; path = "Pods/Target Support Files/Pods-Toucan/Pods-Toucan.release.xcconfig"; sourceTree = "<group>"; };
		E455692C21D011BF00ED676D /* Toucan.app */ = {isa = PBXFileReference; explicitFileType = wrapper.application; includeInIndex = 0; path = Toucan.app; sourceTree = BUILT_PRODUCTS_DIR; };
		E455692F21D011BF00ED676D /* AppDelegate.swift */ = {isa = PBXFileReference; lastKnownFileType = sourcecode.swift; path = AppDelegate.swift; sourceTree = "<group>"; };
		E455693121D011BF00ED676D /* LoginViewController.swift */ = {isa = PBXFileReference; lastKnownFileType = sourcecode.swift; path = LoginViewController.swift; sourceTree = "<group>"; };
		E455693421D011BF00ED676D /* Base */ = {isa = PBXFileReference; lastKnownFileType = file.storyboard; name = Base; path = Base.lproj/Main.storyboard; sourceTree = "<group>"; };
		E455693621D011C100ED676D /* Assets.xcassets */ = {isa = PBXFileReference; lastKnownFileType = folder.assetcatalog; path = Assets.xcassets; sourceTree = "<group>"; };
		E455693921D011C100ED676D /* Base */ = {isa = PBXFileReference; lastKnownFileType = file.storyboard; name = Base; path = Base.lproj/LaunchScreen.storyboard; sourceTree = "<group>"; };
		E455693B21D011C100ED676D /* Info.plist */ = {isa = PBXFileReference; lastKnownFileType = text.plist.xml; path = Info.plist; sourceTree = "<group>"; };
		E455694021D011C100ED676D /* ToucanTests.xctest */ = {isa = PBXFileReference; explicitFileType = wrapper.cfbundle; includeInIndex = 0; path = ToucanTests.xctest; sourceTree = BUILT_PRODUCTS_DIR; };
		E455694421D011C100ED676D /* ToucanTests.swift */ = {isa = PBXFileReference; lastKnownFileType = sourcecode.swift; path = ToucanTests.swift; sourceTree = "<group>"; };
		E455694621D011C100ED676D /* Info.plist */ = {isa = PBXFileReference; lastKnownFileType = text.plist.xml; path = Info.plist; sourceTree = "<group>"; };
		E455694B21D011C100ED676D /* ToucanUITests.xctest */ = {isa = PBXFileReference; explicitFileType = wrapper.cfbundle; includeInIndex = 0; path = ToucanUITests.xctest; sourceTree = BUILT_PRODUCTS_DIR; };
		E455694F21D011C100ED676D /* ToucanUITests.swift */ = {isa = PBXFileReference; lastKnownFileType = sourcecode.swift; path = ToucanUITests.swift; sourceTree = "<group>"; };
		E455695121D011C100ED676D /* Info.plist */ = {isa = PBXFileReference; lastKnownFileType = text.plist.xml; path = Info.plist; sourceTree = "<group>"; };
		E4A16DBD21D5A71600BD23D2 /* RootViewController.swift */ = {isa = PBXFileReference; lastKnownFileType = sourcecode.swift; path = RootViewController.swift; sourceTree = "<group>"; };
		E4C21ABF21D17BE400213100 /* GoogleService-Info.plist */ = {isa = PBXFileReference; fileEncoding = 4; lastKnownFileType = text.plist.xml; path = "GoogleService-Info.plist"; sourceTree = "<group>"; };
		E4C21AC621D1BE2000213100 /* MusicAPI.swift */ = {isa = PBXFileReference; fileEncoding = 4; lastKnownFileType = sourcecode.swift; path = MusicAPI.swift; sourceTree = "<group>"; };
		E4C21ACA21D28BFE00213100 /* url.swift */ = {isa = PBXFileReference; lastKnownFileType = sourcecode.swift; path = url.swift; sourceTree = "<group>"; };
		E4C21ACC21D2A89300213100 /* Toucan.entitlements */ = {isa = PBXFileReference; lastKnownFileType = text.plist.entitlements; path = Toucan.entitlements; sourceTree = "<group>"; };
		E4C21AD921D3731400213100 /* ToucanAPI.swift */ = {isa = PBXFileReference; lastKnownFileType = sourcecode.swift; path = ToucanAPI.swift; sourceTree = "<group>"; };
/* End PBXFileReference section */

/* Begin PBXFrameworksBuildPhase section */
		E455692921D011BF00ED676D /* Frameworks */ = {
			isa = PBXFrameworksBuildPhase;
			buildActionMask = 2147483647;
			files = (
				C2D5D6A27975D4B18D890404 /* Pods_Toucan.framework in Frameworks */,
			);
			runOnlyForDeploymentPostprocessing = 0;
		};
		E455693D21D011C100ED676D /* Frameworks */ = {
			isa = PBXFrameworksBuildPhase;
			buildActionMask = 2147483647;
			files = (
				BD7FF2F779E58C5F3F137942 /* Pods_ToucanTests.framework in Frameworks */,
			);
			runOnlyForDeploymentPostprocessing = 0;
		};
		E455694821D011C100ED676D /* Frameworks */ = {
			isa = PBXFrameworksBuildPhase;
			buildActionMask = 2147483647;
			files = (
				2869209400729E198E4C5B4A /* Pods_ToucanUITests.framework in Frameworks */,
			);
			runOnlyForDeploymentPostprocessing = 0;
		};
/* End PBXFrameworksBuildPhase section */

/* Begin PBXGroup section */
		765330327FC68DDA18AC1ABD /* Pods */ = {
			isa = PBXGroup;
			children = (
				476FA7DD43B2167DE3EC49C4 /* Pods-Toucan.debug.xcconfig */,
				DE10C4CFB39E8CB51B2B69DB /* Pods-Toucan.release.xcconfig */,
				3B20530799E6AFD004F52A8D /* Pods-ToucanTests.debug.xcconfig */,
				43A2408EAC6E226CDC3F35C8 /* Pods-ToucanTests.release.xcconfig */,
				6E12FF27EF455BE3B6021084 /* Pods-ToucanUITests.debug.xcconfig */,
				2757BE028A2B8EB2747A9417 /* Pods-ToucanUITests.release.xcconfig */,
			);
			name = Pods;
			sourceTree = "<group>";
		};
		A3219F8AA879F5B0591D27C0 /* Frameworks */ = {
			isa = PBXGroup;
			children = (
				0B0769CFC96EEBB73D09DB36 /* Pods_Toucan.framework */,
				8629A805EAD1C5C15EA3EE1A /* Pods_ToucanTests.framework */,
				80903EA130F55D69C89762E5 /* Pods_ToucanUITests.framework */,
			);
			name = Frameworks;
			sourceTree = "<group>";
		};
		E455692321D011BF00ED676D = {
			isa = PBXGroup;
			children = (
				E455692E21D011BF00ED676D /* Toucan */,
				E455694321D011C100ED676D /* ToucanTests */,
				E455694E21D011C100ED676D /* ToucanUITests */,
				E455692D21D011BF00ED676D /* Products */,
				765330327FC68DDA18AC1ABD /* Pods */,
				A3219F8AA879F5B0591D27C0 /* Frameworks */,
			);
			sourceTree = "<group>";
		};
		E455692D21D011BF00ED676D /* Products */ = {
			isa = PBXGroup;
			children = (
				E455692C21D011BF00ED676D /* Toucan.app */,
				E455694021D011C100ED676D /* ToucanTests.xctest */,
				E455694B21D011C100ED676D /* ToucanUITests.xctest */,
			);
			name = Products;
			sourceTree = "<group>";
		};
		E455692E21D011BF00ED676D /* Toucan */ = {
			isa = PBXGroup;
			children = (
				E4C21ACC21D2A89300213100 /* Toucan.entitlements */,
				E4A16DBC21D5A61800BD23D2 /* screens */,
				E4C21AC921D28BF100213100 /* utils */,
				E4C21AC321D1B9CE00213100 /* api */,
				E455692F21D011BF00ED676D /* AppDelegate.swift */,
				E455693321D011BF00ED676D /* Main.storyboard */,
				E455693621D011C100ED676D /* Assets.xcassets */,
				E455693821D011C100ED676D /* LaunchScreen.storyboard */,
				E455693B21D011C100ED676D /* Info.plist */,
				E4C21ABF21D17BE400213100 /* GoogleService-Info.plist */,
			);
			path = Toucan;
			sourceTree = "<group>";
		};
		E455694321D011C100ED676D /* ToucanTests */ = {
			isa = PBXGroup;
			children = (
				E455694421D011C100ED676D /* ToucanTests.swift */,
				E455694621D011C100ED676D /* Info.plist */,
			);
			path = ToucanTests;
			sourceTree = "<group>";
		};
		E455694E21D011C100ED676D /* ToucanUITests */ = {
			isa = PBXGroup;
			children = (
				E455694F21D011C100ED676D /* ToucanUITests.swift */,
				E455695121D011C100ED676D /* Info.plist */,
			);
			path = ToucanUITests;
			sourceTree = "<group>";
		};
		E4A16DBC21D5A61800BD23D2 /* screens */ = {
			isa = PBXGroup;
			children = (
				E455693121D011BF00ED676D /* LoginViewController.swift */,
				E4A16DBD21D5A71600BD23D2 /* RootViewController.swift */,
			);
			path = screens;
			sourceTree = "<group>";
		};
		E4C21AC321D1B9CE00213100 /* api */ = {
			isa = PBXGroup;
			children = (
				E4C21AC621D1BE2000213100 /* MusicAPI.swift */,
				E4C21AD921D3731400213100 /* ToucanAPI.swift */,
			);
			path = api;
			sourceTree = "<group>";
		};
		E4C21AC921D28BF100213100 /* utils */ = {
			isa = PBXGroup;
			children = (
				E4C21ACA21D28BFE00213100 /* url.swift */,
			);
			path = utils;
			sourceTree = "<group>";
		};
/* End PBXGroup section */

/* Begin PBXNativeTarget section */
		E455692B21D011BF00ED676D /* Toucan */ = {
			isa = PBXNativeTarget;
			buildConfigurationList = E455695421D011C100ED676D /* Build configuration list for PBXNativeTarget "Toucan" */;
			buildPhases = (
				3A3FC6EBC6B83C7BC8AE308D /* [CP] Check Pods Manifest.lock */,
				E455692821D011BF00ED676D /* Sources */,
				E455692921D011BF00ED676D /* Frameworks */,
				E455692A21D011BF00ED676D /* Resources */,
				CCA3406C53184FE9E8706025 /* [CP] Embed Pods Frameworks */,
				530CF151E2F8A90DA6575546 /* [CP] Copy Pods Resources */,
			);
			buildRules = (
			);
			dependencies = (
			);
			name = Toucan;
			productName = Toucan;
			productReference = E455692C21D011BF00ED676D /* Toucan.app */;
			productType = "com.apple.product-type.application";
		};
		E455693F21D011C100ED676D /* ToucanTests */ = {
			isa = PBXNativeTarget;
			buildConfigurationList = E455695721D011C100ED676D /* Build configuration list for PBXNativeTarget "ToucanTests" */;
			buildPhases = (
				563B04912BD768B3F7E97F37 /* [CP] Check Pods Manifest.lock */,
				E455693C21D011C100ED676D /* Sources */,
				E455693D21D011C100ED676D /* Frameworks */,
				E455693E21D011C100ED676D /* Resources */,
			);
			buildRules = (
			);
			dependencies = (
				E455694221D011C100ED676D /* PBXTargetDependency */,
			);
			name = ToucanTests;
			productName = ToucanTests;
			productReference = E455694021D011C100ED676D /* ToucanTests.xctest */;
			productType = "com.apple.product-type.bundle.unit-test";
		};
		E455694A21D011C100ED676D /* ToucanUITests */ = {
			isa = PBXNativeTarget;
			buildConfigurationList = E455695A21D011C100ED676D /* Build configuration list for PBXNativeTarget "ToucanUITests" */;
			buildPhases = (
				1981F78BB48F13F1959015F8 /* [CP] Check Pods Manifest.lock */,
				E455694721D011C100ED676D /* Sources */,
				E455694821D011C100ED676D /* Frameworks */,
				E455694921D011C100ED676D /* Resources */,
			);
			buildRules = (
			);
			dependencies = (
				E455694D21D011C100ED676D /* PBXTargetDependency */,
			);
			name = ToucanUITests;
			productName = ToucanUITests;
			productReference = E455694B21D011C100ED676D /* ToucanUITests.xctest */;
			productType = "com.apple.product-type.bundle.ui-testing";
		};
/* End PBXNativeTarget section */

/* Begin PBXProject section */
		E455692421D011BF00ED676D /* Project object */ = {
			isa = PBXProject;
			attributes = {
				LastSwiftUpdateCheck = 1010;
				LastUpgradeCheck = 1010;
				ORGANIZATIONNAME = "Vikram Mullick";
				TargetAttributes = {
					E455692B21D011BF00ED676D = {
						CreatedOnToolsVersion = 10.1;
						SystemCapabilities = {
							com.apple.BackgroundModes = {
								enabled = 1;
							};
							com.apple.Keychain = {
								enabled = 1;
							};
						};
					};
					E455693F21D011C100ED676D = {
						CreatedOnToolsVersion = 10.1;
						TestTargetID = E455692B21D011BF00ED676D;
					};
					E455694A21D011C100ED676D = {
						CreatedOnToolsVersion = 10.1;
						TestTargetID = E455692B21D011BF00ED676D;
					};
				};
			};
			buildConfigurationList = E455692721D011BF00ED676D /* Build configuration list for PBXProject "Toucan" */;
			compatibilityVersion = "Xcode 9.3";
			developmentRegion = en;
			hasScannedForEncodings = 0;
			knownRegions = (
				en,
				Base,
			);
			mainGroup = E455692321D011BF00ED676D;
			productRefGroup = E455692D21D011BF00ED676D /* Products */;
			projectDirPath = "";
			projectRoot = "";
			targets = (
				E455692B21D011BF00ED676D /* Toucan */,
				E455693F21D011C100ED676D /* ToucanTests */,
				E455694A21D011C100ED676D /* ToucanUITests */,
			);
		};
/* End PBXProject section */

/* Begin PBXResourcesBuildPhase section */
		E455692A21D011BF00ED676D /* Resources */ = {
			isa = PBXResourcesBuildPhase;
			buildActionMask = 2147483647;
			files = (
				E455693A21D011C100ED676D /* LaunchScreen.storyboard in Resources */,
				E4C21AC021D17BE400213100 /* GoogleService-Info.plist in Resources */,
				E455693721D011C100ED676D /* Assets.xcassets in Resources */,
				E455693521D011BF00ED676D /* Main.storyboard in Resources */,
			);
			runOnlyForDeploymentPostprocessing = 0;
		};
		E455693E21D011C100ED676D /* Resources */ = {
			isa = PBXResourcesBuildPhase;
			buildActionMask = 2147483647;
			files = (
			);
			runOnlyForDeploymentPostprocessing = 0;
		};
		E455694921D011C100ED676D /* Resources */ = {
			isa = PBXResourcesBuildPhase;
			buildActionMask = 2147483647;
			files = (
			);
			runOnlyForDeploymentPostprocessing = 0;
		};
/* End PBXResourcesBuildPhase section */

/* Begin PBXShellScriptBuildPhase section */
		1981F78BB48F13F1959015F8 /* [CP] Check Pods Manifest.lock */ = {
			isa = PBXShellScriptBuildPhase;
			buildActionMask = 2147483647;
			files = (
			);
			inputFileListPaths = (
			);
			inputPaths = (
				"${PODS_PODFILE_DIR_PATH}/Podfile.lock",
				"${PODS_ROOT}/Manifest.lock",
			);
			name = "[CP] Check Pods Manifest.lock";
			outputFileListPaths = (
			);
			outputPaths = (
				"$(DERIVED_FILE_DIR)/Pods-ToucanUITests-checkManifestLockResult.txt",
			);
			runOnlyForDeploymentPostprocessing = 0;
			shellPath = /bin/sh;
			shellScript = "diff \"${PODS_PODFILE_DIR_PATH}/Podfile.lock\" \"${PODS_ROOT}/Manifest.lock\" > /dev/null\nif [ $? != 0 ] ; then\n    # print error to STDERR\n    echo \"error: The sandbox is not in sync with the Podfile.lock. Run 'pod install' or update your CocoaPods installation.\" >&2\n    exit 1\nfi\n# This output is used by Xcode 'outputs' to avoid re-running this script phase.\necho \"SUCCESS\" > \"${SCRIPT_OUTPUT_FILE_0}\"\n";
			showEnvVarsInLog = 0;
		};
		3A3FC6EBC6B83C7BC8AE308D /* [CP] Check Pods Manifest.lock */ = {
			isa = PBXShellScriptBuildPhase;
			buildActionMask = 2147483647;
			files = (
			);
			inputFileListPaths = (
			);
			inputPaths = (
				"${PODS_PODFILE_DIR_PATH}/Podfile.lock",
				"${PODS_ROOT}/Manifest.lock",
			);
			name = "[CP] Check Pods Manifest.lock";
			outputFileListPaths = (
			);
			outputPaths = (
				"$(DERIVED_FILE_DIR)/Pods-Toucan-checkManifestLockResult.txt",
			);
			runOnlyForDeploymentPostprocessing = 0;
			shellPath = /bin/sh;
			shellScript = "diff \"${PODS_PODFILE_DIR_PATH}/Podfile.lock\" \"${PODS_ROOT}/Manifest.lock\" > /dev/null\nif [ $? != 0 ] ; then\n    # print error to STDERR\n    echo \"error: The sandbox is not in sync with the Podfile.lock. Run 'pod install' or update your CocoaPods installation.\" >&2\n    exit 1\nfi\n# This output is used by Xcode 'outputs' to avoid re-running this script phase.\necho \"SUCCESS\" > \"${SCRIPT_OUTPUT_FILE_0}\"\n";
			showEnvVarsInLog = 0;
		};
		530CF151E2F8A90DA6575546 /* [CP] Copy Pods Resources */ = {
			isa = PBXShellScriptBuildPhase;
			buildActionMask = 2147483647;
			files = (
			);
			inputFileListPaths = (
			);
			inputPaths = (
				"${SRCROOT}/Pods/Target Support Files/Pods-Toucan/Pods-Toucan-resources.sh",
				"${PODS_CONFIGURATION_BUILD_DIR}/FirebaseUI/FirebaseAuthUI.bundle",
				"${PODS_CONFIGURATION_BUILD_DIR}/FirebaseUI/FirebaseGoogleAuthUI.bundle",
				"${PODS_ROOT}/GoogleSignIn/Resources/GoogleSignIn.bundle",
			);
			name = "[CP] Copy Pods Resources";
			outputFileListPaths = (
			);
			outputPaths = (
				"${TARGET_BUILD_DIR}/${UNLOCALIZED_RESOURCES_FOLDER_PATH}/FirebaseAuthUI.bundle",
				"${TARGET_BUILD_DIR}/${UNLOCALIZED_RESOURCES_FOLDER_PATH}/FirebaseGoogleAuthUI.bundle",
				"${TARGET_BUILD_DIR}/${UNLOCALIZED_RESOURCES_FOLDER_PATH}/GoogleSignIn.bundle",
			);
			runOnlyForDeploymentPostprocessing = 0;
			shellPath = /bin/sh;
			shellScript = "\"${SRCROOT}/Pods/Target Support Files/Pods-Toucan/Pods-Toucan-resources.sh\"\n";
			showEnvVarsInLog = 0;
		};
		563B04912BD768B3F7E97F37 /* [CP] Check Pods Manifest.lock */ = {
			isa = PBXShellScriptBuildPhase;
			buildActionMask = 2147483647;
			files = (
			);
			inputFileListPaths = (
			);
			inputPaths = (
				"${PODS_PODFILE_DIR_PATH}/Podfile.lock",
				"${PODS_ROOT}/Manifest.lock",
			);
			name = "[CP] Check Pods Manifest.lock";
			outputFileListPaths = (
			);
			outputPaths = (
				"$(DERIVED_FILE_DIR)/Pods-ToucanTests-checkManifestLockResult.txt",
			);
			runOnlyForDeploymentPostprocessing = 0;
			shellPath = /bin/sh;
			shellScript = "diff \"${PODS_PODFILE_DIR_PATH}/Podfile.lock\" \"${PODS_ROOT}/Manifest.lock\" > /dev/null\nif [ $? != 0 ] ; then\n    # print error to STDERR\n    echo \"error: The sandbox is not in sync with the Podfile.lock. Run 'pod install' or update your CocoaPods installation.\" >&2\n    exit 1\nfi\n# This output is used by Xcode 'outputs' to avoid re-running this script phase.\necho \"SUCCESS\" > \"${SCRIPT_OUTPUT_FILE_0}\"\n";
			showEnvVarsInLog = 0;
		};
		CCA3406C53184FE9E8706025 /* [CP] Embed Pods Frameworks */ = {
			isa = PBXShellScriptBuildPhase;
			buildActionMask = 2147483647;
			files = (
			);
			inputFileListPaths = (
			);
			inputPaths = (
				"${SRCROOT}/Pods/Target Support Files/Pods-Toucan/Pods-Toucan-frameworks.sh",
				"${BUILT_PRODUCTS_DIR}/Alamofire/Alamofire.framework",
				"${BUILT_PRODUCTS_DIR}/GTMSessionFetcher/GTMSessionFetcher.framework",
				"${BUILT_PRODUCTS_DIR}/GoogleToolboxForMac/GoogleToolboxForMac.framework",
				"${BUILT_PRODUCTS_DIR}/GoogleUtilities/GoogleUtilities.framework",
				"${BUILT_PRODUCTS_DIR}/SwiftyJSON/SwiftyJSON.framework",
				"${BUILT_PRODUCTS_DIR}/nanopb/nanopb.framework",
			);
			name = "[CP] Embed Pods Frameworks";
			outputFileListPaths = (
			);
			outputPaths = (
				"${TARGET_BUILD_DIR}/${FRAMEWORKS_FOLDER_PATH}/Alamofire.framework",
				"${TARGET_BUILD_DIR}/${FRAMEWORKS_FOLDER_PATH}/GTMSessionFetcher.framework",
				"${TARGET_BUILD_DIR}/${FRAMEWORKS_FOLDER_PATH}/GoogleToolboxForMac.framework",
				"${TARGET_BUILD_DIR}/${FRAMEWORKS_FOLDER_PATH}/GoogleUtilities.framework",
				"${TARGET_BUILD_DIR}/${FRAMEWORKS_FOLDER_PATH}/SwiftyJSON.framework",
				"${TARGET_BUILD_DIR}/${FRAMEWORKS_FOLDER_PATH}/nanopb.framework",
			);
			runOnlyForDeploymentPostprocessing = 0;
			shellPath = /bin/sh;
			shellScript = "\"${SRCROOT}/Pods/Target Support Files/Pods-Toucan/Pods-Toucan-frameworks.sh\"\n";
			showEnvVarsInLog = 0;
		};
/* End PBXShellScriptBuildPhase section */

/* Begin PBXSourcesBuildPhase section */
		E455692821D011BF00ED676D /* Sources */ = {
			isa = PBXSourcesBuildPhase;
			buildActionMask = 2147483647;
			files = (
				E4C21ADA21D3731400213100 /* ToucanAPI.swift in Sources */,
				E4C21AC721D1BE2000213100 /* MusicAPI.swift in Sources */,
				E4A16DBE21D5A71600BD23D2 /* RootViewController.swift in Sources */,
				E455693221D011BF00ED676D /* LoginViewController.swift in Sources */,
				E455693021D011BF00ED676D /* AppDelegate.swift in Sources */,
				E4C21ACB21D28BFE00213100 /* url.swift in Sources */,
			);
			runOnlyForDeploymentPostprocessing = 0;
		};
		E455693C21D011C100ED676D /* Sources */ = {
			isa = PBXSourcesBuildPhase;
			buildActionMask = 2147483647;
			files = (
				E455694521D011C100ED676D /* ToucanTests.swift in Sources */,
			);
			runOnlyForDeploymentPostprocessing = 0;
		};
		E455694721D011C100ED676D /* Sources */ = {
			isa = PBXSourcesBuildPhase;
			buildActionMask = 2147483647;
			files = (
				E455695021D011C100ED676D /* ToucanUITests.swift in Sources */,
			);
			runOnlyForDeploymentPostprocessing = 0;
		};
/* End PBXSourcesBuildPhase section */

/* Begin PBXTargetDependency section */
		E455694221D011C100ED676D /* PBXTargetDependency */ = {
			isa = PBXTargetDependency;
			target = E455692B21D011BF00ED676D /* Toucan */;
			targetProxy = E455694121D011C100ED676D /* PBXContainerItemProxy */;
		};
		E455694D21D011C100ED676D /* PBXTargetDependency */ = {
			isa = PBXTargetDependency;
			target = E455692B21D011BF00ED676D /* Toucan */;
			targetProxy = E455694C21D011C100ED676D /* PBXContainerItemProxy */;
		};
/* End PBXTargetDependency section */

/* Begin PBXVariantGroup section */
		E455693321D011BF00ED676D /* Main.storyboard */ = {
			isa = PBXVariantGroup;
			children = (
				E455693421D011BF00ED676D /* Base */,
			);
			name = Main.storyboard;
			sourceTree = "<group>";
		};
		E455693821D011C100ED676D /* LaunchScreen.storyboard */ = {
			isa = PBXVariantGroup;
			children = (
				E455693921D011C100ED676D /* Base */,
			);
			name = LaunchScreen.storyboard;
			sourceTree = "<group>";
		};
/* End PBXVariantGroup section */

/* Begin XCBuildConfiguration section */
		E455695221D011C100ED676D /* Debug */ = {
			isa = XCBuildConfiguration;
			buildSettings = {
				ALWAYS_SEARCH_USER_PATHS = NO;
				CLANG_ANALYZER_NONNULL = YES;
				CLANG_ANALYZER_NUMBER_OBJECT_CONVERSION = YES_AGGRESSIVE;
				CLANG_CXX_LANGUAGE_STANDARD = "gnu++14";
				CLANG_CXX_LIBRARY = "libc++";
				CLANG_ENABLE_MODULES = YES;
				CLANG_ENABLE_OBJC_ARC = YES;
				CLANG_ENABLE_OBJC_WEAK = YES;
				CLANG_WARN_BLOCK_CAPTURE_AUTORELEASING = YES;
				CLANG_WARN_BOOL_CONVERSION = YES;
				CLANG_WARN_COMMA = YES;
				CLANG_WARN_CONSTANT_CONVERSION = YES;
				CLANG_WARN_DEPRECATED_OBJC_IMPLEMENTATIONS = YES;
				CLANG_WARN_DIRECT_OBJC_ISA_USAGE = YES_ERROR;
				CLANG_WARN_DOCUMENTATION_COMMENTS = YES;
				CLANG_WARN_EMPTY_BODY = YES;
				CLANG_WARN_ENUM_CONVERSION = YES;
				CLANG_WARN_INFINITE_RECURSION = YES;
				CLANG_WARN_INT_CONVERSION = YES;
				CLANG_WARN_NON_LITERAL_NULL_CONVERSION = YES;
				CLANG_WARN_OBJC_IMPLICIT_RETAIN_SELF = YES;
				CLANG_WARN_OBJC_LITERAL_CONVERSION = YES;
				CLANG_WARN_OBJC_ROOT_CLASS = YES_ERROR;
				CLANG_WARN_RANGE_LOOP_ANALYSIS = YES;
				CLANG_WARN_STRICT_PROTOTYPES = YES;
				CLANG_WARN_SUSPICIOUS_MOVE = YES;
				CLANG_WARN_UNGUARDED_AVAILABILITY = YES_AGGRESSIVE;
				CLANG_WARN_UNREACHABLE_CODE = YES;
				CLANG_WARN__DUPLICATE_METHOD_MATCH = YES;
				CODE_SIGN_IDENTITY = "iPhone Developer";
				COPY_PHASE_STRIP = NO;
				DEBUG_INFORMATION_FORMAT = dwarf;
				ENABLE_STRICT_OBJC_MSGSEND = YES;
				ENABLE_TESTABILITY = YES;
				GCC_C_LANGUAGE_STANDARD = gnu11;
				GCC_DYNAMIC_NO_PIC = NO;
				GCC_NO_COMMON_BLOCKS = YES;
				GCC_OPTIMIZATION_LEVEL = 0;
				GCC_PREPROCESSOR_DEFINITIONS = (
					"DEBUG=1",
					"$(inherited)",
				);
				GCC_WARN_64_TO_32_BIT_CONVERSION = YES;
				GCC_WARN_ABOUT_RETURN_TYPE = YES_ERROR;
				GCC_WARN_UNDECLARED_SELECTOR = YES;
				GCC_WARN_UNINITIALIZED_AUTOS = YES_AGGRESSIVE;
				GCC_WARN_UNUSED_FUNCTION = YES;
				GCC_WARN_UNUSED_VARIABLE = YES;
				IPHONEOS_DEPLOYMENT_TARGET = 12.1;
				MTL_ENABLE_DEBUG_INFO = INCLUDE_SOURCE;
				MTL_FAST_MATH = YES;
				ONLY_ACTIVE_ARCH = YES;
				SDKROOT = iphoneos;
				SWIFT_ACTIVE_COMPILATION_CONDITIONS = DEBUG;
				SWIFT_OPTIMIZATION_LEVEL = "-Onone";
			};
			name = Debug;
		};
		E455695321D011C100ED676D /* Release */ = {
			isa = XCBuildConfiguration;
			buildSettings = {
				ALWAYS_SEARCH_USER_PATHS = NO;
				CLANG_ANALYZER_NONNULL = YES;
				CLANG_ANALYZER_NUMBER_OBJECT_CONVERSION = YES_AGGRESSIVE;
				CLANG_CXX_LANGUAGE_STANDARD = "gnu++14";
				CLANG_CXX_LIBRARY = "libc++";
				CLANG_ENABLE_MODULES = YES;
				CLANG_ENABLE_OBJC_ARC = YES;
				CLANG_ENABLE_OBJC_WEAK = YES;
				CLANG_WARN_BLOCK_CAPTURE_AUTORELEASING = YES;
				CLANG_WARN_BOOL_CONVERSION = YES;
				CLANG_WARN_COMMA = YES;
				CLANG_WARN_CONSTANT_CONVERSION = YES;
				CLANG_WARN_DEPRECATED_OBJC_IMPLEMENTATIONS = YES;
				CLANG_WARN_DIRECT_OBJC_ISA_USAGE = YES_ERROR;
				CLANG_WARN_DOCUMENTATION_COMMENTS = YES;
				CLANG_WARN_EMPTY_BODY = YES;
				CLANG_WARN_ENUM_CONVERSION = YES;
				CLANG_WARN_INFINITE_RECURSION = YES;
				CLANG_WARN_INT_CONVERSION = YES;
				CLANG_WARN_NON_LITERAL_NULL_CONVERSION = YES;
				CLANG_WARN_OBJC_IMPLICIT_RETAIN_SELF = YES;
				CLANG_WARN_OBJC_LITERAL_CONVERSION = YES;
				CLANG_WARN_OBJC_ROOT_CLASS = YES_ERROR;
				CLANG_WARN_RANGE_LOOP_ANALYSIS = YES;
				CLANG_WARN_STRICT_PROTOTYPES = YES;
				CLANG_WARN_SUSPICIOUS_MOVE = YES;
				CLANG_WARN_UNGUARDED_AVAILABILITY = YES_AGGRESSIVE;
				CLANG_WARN_UNREACHABLE_CODE = YES;
				CLANG_WARN__DUPLICATE_METHOD_MATCH = YES;
				CODE_SIGN_IDENTITY = "iPhone Developer";
				COPY_PHASE_STRIP = NO;
				DEBUG_INFORMATION_FORMAT = "dwarf-with-dsym";
				ENABLE_NS_ASSERTIONS = NO;
				ENABLE_STRICT_OBJC_MSGSEND = YES;
				GCC_C_LANGUAGE_STANDARD = gnu11;
				GCC_NO_COMMON_BLOCKS = YES;
				GCC_WARN_64_TO_32_BIT_CONVERSION = YES;
				GCC_WARN_ABOUT_RETURN_TYPE = YES_ERROR;
				GCC_WARN_UNDECLARED_SELECTOR = YES;
				GCC_WARN_UNINITIALIZED_AUTOS = YES_AGGRESSIVE;
				GCC_WARN_UNUSED_FUNCTION = YES;
				GCC_WARN_UNUSED_VARIABLE = YES;
				IPHONEOS_DEPLOYMENT_TARGET = 12.1;
				MTL_ENABLE_DEBUG_INFO = NO;
				MTL_FAST_MATH = YES;
				SDKROOT = iphoneos;
				SWIFT_COMPILATION_MODE = wholemodule;
				SWIFT_OPTIMIZATION_LEVEL = "-O";
				VALIDATE_PRODUCT = YES;
			};
			name = Release;
		};
		E455695521D011C100ED676D /* Debug */ = {
			isa = XCBuildConfiguration;
			baseConfigurationReference = 476FA7DD43B2167DE3EC49C4 /* Pods-Toucan.debug.xcconfig */;
			buildSettings = {
				ASSETCATALOG_COMPILER_APPICON_NAME = AppIcon;
				CODE_SIGN_ENTITLEMENTS = Toucan/Toucan.entitlements;
				CODE_SIGN_STYLE = Automatic;
				DEVELOPMENT_TEAM = 7JEQ65LN2K;
				INFOPLIST_FILE = Toucan/Info.plist;
				IPHONEOS_DEPLOYMENT_TARGET = 12.0;
				LD_RUNPATH_SEARCH_PATHS = (
					"$(inherited)",
					"@executable_path/Frameworks",
				);
				PRODUCT_BUNDLE_IDENTIFIER = com.bird.Toucan;
				PRODUCT_NAME = "$(TARGET_NAME)";
				SWIFT_VERSION = 4.2;
				TARGETED_DEVICE_FAMILY = "1,2";
			};
			name = Debug;
		};
		E455695621D011C100ED676D /* Release */ = {
			isa = XCBuildConfiguration;
			baseConfigurationReference = DE10C4CFB39E8CB51B2B69DB /* Pods-Toucan.release.xcconfig */;
			buildSettings = {
				ASSETCATALOG_COMPILER_APPICON_NAME = AppIcon;
				CODE_SIGN_ENTITLEMENTS = Toucan/Toucan.entitlements;
				CODE_SIGN_STYLE = Automatic;
				DEVELOPMENT_TEAM = 7JEQ65LN2K;
				INFOPLIST_FILE = Toucan/Info.plist;
				IPHONEOS_DEPLOYMENT_TARGET = 12.0;
				LD_RUNPATH_SEARCH_PATHS = (
					"$(inherited)",
					"@executable_path/Frameworks",
				);
				PRODUCT_BUNDLE_IDENTIFIER = com.bird.Toucan;
				PRODUCT_NAME = "$(TARGET_NAME)";
				SWIFT_VERSION = 4.2;
				TARGETED_DEVICE_FAMILY = "1,2";
			};
			name = Release;
		};
		E455695821D011C100ED676D /* Debug */ = {
			isa = XCBuildConfiguration;
			baseConfigurationReference = 3B20530799E6AFD004F52A8D /* Pods-ToucanTests.debug.xcconfig */;
			buildSettings = {
				ALWAYS_EMBED_SWIFT_STANDARD_LIBRARIES = YES;
				BUNDLE_LOADER = "$(TEST_HOST)";
				CODE_SIGN_STYLE = Automatic;
				DEVELOPMENT_TEAM = 4QUTB7N9SJ;
				INFOPLIST_FILE = ToucanTests/Info.plist;
				LD_RUNPATH_SEARCH_PATHS = (
					"$(inherited)",
					"@executable_path/Frameworks",
					"@loader_path/Frameworks",
				);
				PRODUCT_BUNDLE_IDENTIFIER = com.bird.ToucanTests;
				PRODUCT_NAME = "$(TARGET_NAME)";
				SWIFT_VERSION = 4.2;
				TARGETED_DEVICE_FAMILY = "1,2";
				TEST_HOST = "$(BUILT_PRODUCTS_DIR)/Toucan.app/Toucan";
			};
			name = Debug;
		};
		E455695921D011C100ED676D /* Release */ = {
			isa = XCBuildConfiguration;
			baseConfigurationReference = 43A2408EAC6E226CDC3F35C8 /* Pods-ToucanTests.release.xcconfig */;
			buildSettings = {
				ALWAYS_EMBED_SWIFT_STANDARD_LIBRARIES = YES;
				BUNDLE_LOADER = "$(TEST_HOST)";
				CODE_SIGN_STYLE = Automatic;
				DEVELOPMENT_TEAM = 4QUTB7N9SJ;
				INFOPLIST_FILE = ToucanTests/Info.plist;
				LD_RUNPATH_SEARCH_PATHS = (
					"$(inherited)",
					"@executable_path/Frameworks",
					"@loader_path/Frameworks",
				);
				PRODUCT_BUNDLE_IDENTIFIER = com.bird.ToucanTests;
				PRODUCT_NAME = "$(TARGET_NAME)";
				SWIFT_VERSION = 4.2;
				TARGETED_DEVICE_FAMILY = "1,2";
				TEST_HOST = "$(BUILT_PRODUCTS_DIR)/Toucan.app/Toucan";
			};
			name = Release;
		};
		E455695B21D011C100ED676D /* Debug */ = {
			isa = XCBuildConfiguration;
			baseConfigurationReference = 6E12FF27EF455BE3B6021084 /* Pods-ToucanUITests.debug.xcconfig */;
			buildSettings = {
				ALWAYS_EMBED_SWIFT_STANDARD_LIBRARIES = YES;
				CODE_SIGN_STYLE = Automatic;
				DEVELOPMENT_TEAM = 4QUTB7N9SJ;
				INFOPLIST_FILE = ToucanUITests/Info.plist;
				LD_RUNPATH_SEARCH_PATHS = (
					"$(inherited)",
					"@executable_path/Frameworks",
					"@loader_path/Frameworks",
				);
				PRODUCT_BUNDLE_IDENTIFIER = com.bird.ToucanUITests;
				PRODUCT_NAME = "$(TARGET_NAME)";
				SWIFT_VERSION = 4.2;
				TARGETED_DEVICE_FAMILY = "1,2";
				TEST_TARGET_NAME = Toucan;
			};
			name = Debug;
		};
		E455695C21D011C100ED676D /* Release */ = {
			isa = XCBuildConfiguration;
			baseConfigurationReference = 2757BE028A2B8EB2747A9417 /* Pods-ToucanUITests.release.xcconfig */;
			buildSettings = {
				ALWAYS_EMBED_SWIFT_STANDARD_LIBRARIES = YES;
				CODE_SIGN_STYLE = Automatic;
				DEVELOPMENT_TEAM = 4QUTB7N9SJ;
				INFOPLIST_FILE = ToucanUITests/Info.plist;
				LD_RUNPATH_SEARCH_PATHS = (
					"$(inherited)",
					"@executable_path/Frameworks",
					"@loader_path/Frameworks",
				);
				PRODUCT_BUNDLE_IDENTIFIER = com.bird.ToucanUITests;
				PRODUCT_NAME = "$(TARGET_NAME)";
				SWIFT_VERSION = 4.2;
				TARGETED_DEVICE_FAMILY = "1,2";
				TEST_TARGET_NAME = Toucan;
			};
			name = Release;
		};
/* End XCBuildConfiguration section */

/* Begin XCConfigurationList section */
		E455692721D011BF00ED676D /* Build configuration list for PBXProject "Toucan" */ = {
			isa = XCConfigurationList;
			buildConfigurations = (
				E455695221D011C100ED676D /* Debug */,
				E455695321D011C100ED676D /* Release */,
			);
			defaultConfigurationIsVisible = 0;
			defaultConfigurationName = Release;
		};
		E455695421D011C100ED676D /* Build configuration list for PBXNativeTarget "Toucan" */ = {
			isa = XCConfigurationList;
			buildConfigurations = (
				E455695521D011C100ED676D /* Debug */,
				E455695621D011C100ED676D /* Release */,
			);
			defaultConfigurationIsVisible = 0;
			defaultConfigurationName = Release;
		};
		E455695721D011C100ED676D /* Build configuration list for PBXNativeTarget "ToucanTests" */ = {
			isa = XCConfigurationList;
			buildConfigurations = (
				E455695821D011C100ED676D /* Debug */,
				E455695921D011C100ED676D /* Release */,
			);
			defaultConfigurationIsVisible = 0;
			defaultConfigurationName = Release;
		};
		E455695A21D011C100ED676D /* Build configuration list for PBXNativeTarget "ToucanUITests" */ = {
			isa = XCConfigurationList;
			buildConfigurations = (
				E455695B21D011C100ED676D /* Debug */,
				E455695C21D011C100ED676D /* Release */,
			);
			defaultConfigurationIsVisible = 0;
			defaultConfigurationName = Release;
		};
/* End XCConfigurationList section */
	};
	rootObject = E455692421D011BF00ED676D /* Project object */;
}
